// !$*UTF8*$!
{
	archiveVersion = 1;
	classes = {
	};
	objectVersion = 46;
	objects = {

/* Begin PBXBuildFile section */
		DCF067161E2F19C20019BCAB /* main.m in Sources */ = {isa = PBXBuildFile; fileRef = DCF067151E2F19C20019BCAB /* main.m */; };
		DCF067191E2F19C20019BCAB /* AppDelegate.m in Sources */ = {isa = PBXBuildFile; fileRef = DCF067181E2F19C20019BCAB /* AppDelegate.m */; };
		DCF0671C1E2F19C20019BCAB /* ViewController.m in Sources */ = {isa = PBXBuildFile; fileRef = DCF0671B1E2F19C20019BCAB /* ViewController.m */; };
		DCF0671F1E2F19C20019BCAB /* Main.storyboard in Resources */ = {isa = PBXBuildFile; fileRef = DCF0671D1E2F19C20019BCAB /* Main.storyboard */; };
		DCF067211E2F19C20019BCAB /* Assets.xcassets in Resources */ = {isa = PBXBuildFile; fileRef = DCF067201E2F19C20019BCAB /* Assets.xcassets */; };
		DCF067241E2F19C20019BCAB /* LaunchScreen.storyboard in Resources */ = {isa = PBXBuildFile; fileRef = DCF067221E2F19C20019BCAB /* LaunchScreen.storyboard */; };
/* End PBXBuildFile section */

/* Begin PBXFileReference section */
		DCF067111E2F19C20019BCAB /* MoonCatchManagerDemo.app */ = {isa = PBXFileReference; explicitFileType = wrapper.application; includeInIndex = 0; path = MoonCatchManagerDemo.app; sourceTree = BUILT_PRODUCTS_DIR; };
		DCF067151E2F19C20019BCAB /* main.m */ = {isa = PBXFileReference; lastKnownFileType = sourcecode.c.objc; path = main.m; sourceTree = "<group>"; };
		DCF067171E2F19C20019BCAB /* AppDelegate.h */ = {isa = PBXFileReference; lastKnownFileType = sourcecode.c.h; path = AppDelegate.h; sourceTree = "<group>"; };
		DCF067181E2F19C20019BCAB /* AppDelegate.m */ = {isa = PBXFileReference; lastKnownFileType = sourcecode.c.objc; path = AppDelegate.m; sourceTree = "<group>"; };
		DCF0671A1E2F19C20019BCAB /* ViewController.h */ = {isa = PBXFileReference; lastKnownFileType = sourcecode.c.h; path = ViewController.h; sourceTree = "<group>"; };
		DCF0671B1E2F19C20019BCAB /* ViewController.m */ = {isa = PBXFileReference; lastKnownFileType = sourcecode.c.objc; path = ViewController.m; sourceTree = "<group>"; };
		DCF0671E1E2F19C20019BCAB /* Base */ = {isa = PBXFileReference; lastKnownFileType = file.storyboard; name = Base; path = Base.lproj/Main.storyboard; sourceTree = "<group>"; };
		DCF067201E2F19C20019BCAB /* Assets.xcassets */ = {isa = PBXFileReference; lastKnownFileType = folder.assetcatalog; path = Assets.xcassets; sourceTree = "<group>"; };
		DCF067231E2F19C20019BCAB /* Base */ = {isa = PBXFileReference; lastKnownFileType = file.storyboard; name = Base; path = Base.lproj/LaunchScreen.storyboard; sourceTree = "<group>"; };
		DCF067251E2F19C20019BCAB /* Info.plist */ = {isa = PBXFileReference; lastKnownFileType = text.plist.xml; path = Info.plist; sourceTree = "<group>"; };
/* End PBXFileReference section */

/* Begin PBXFrameworksBuildPhase section */
		DCF0670E1E2F19C20019BCAB /* Frameworks */ = {
			isa = PBXFrameworksBuildPhase;
			buildActionMask = 2147483647;
			files = (
			);
			runOnlyForDeploymentPostprocessing = 0;
		};
/* End PBXFrameworksBuildPhase section */

/* Begin PBXGroup section */
		DCF067081E2F19C20019BCAB = {
			isa = PBXGroup;
			children = (
				DCF0672C1E2F1A2F0019BCAB /* MoonCatchManager */,
				DCF067131E2F19C20019BCAB /* MoonCatchManagerDemo */,
				DCF067121E2F19C20019BCAB /* Products */,
			);
			sourceTree = "<group>";
		};
		DCF067121E2F19C20019BCAB /* Products */ = {
			isa = PBXGroup;
			children = (
				DCF067111E2F19C20019BCAB /* MoonCatchManagerDemo.app */,
			);
			name = Products;
			sourceTree = "<group>";
		};
		DCF067131E2F19C20019BCAB /* MoonCatchManagerDemo */ = {
			isa = PBXGroup;
			children = (
				DCF067171E2F19C20019BCAB /* AppDelegate.h */,
				DCF067181E2F19C20019BCAB /* AppDelegate.m */,
				DCF0671A1E2F19C20019BCAB /* ViewController.h */,
				DCF0671B1E2F19C20019BCAB /* ViewController.m */,
				DCF0671D1E2F19C20019BCAB /* Main.storyboard */,
				DCF067201E2F19C20019BCAB /* Assets.xcassets */,
				DCF067221E2F19C20019BCAB /* LaunchScreen.storyboard */,
				DCF067251E2F19C20019BCAB /* Info.plist */,
				DCF067141E2F19C20019BCAB /* Supporting Files */,
			);
			path = MoonCatchManagerDemo;
			sourceTree = "<group>";
		};
		DCF067141E2F19C20019BCAB /* Supporting Files */ = {
			isa = PBXGroup;
			children = (
				DCF067151E2F19C20019BCAB /* main.m */,
			);
			name = "Supporting Files";
			sourceTree = "<group>";
		};
		DCF0672C1E2F1A2F0019BCAB /* MoonCatchManager */ = {
			isa = PBXGroup;
			children = (
			);
			name = MoonCatchManager;
			path = ../MoonCatchManager;
			sourceTree = "<group>";
		};
/* End PBXGroup section */

/* Begin PBXNativeTarget section */
		DCF067101E2F19C20019BCAB /* MoonCatchManagerDemo */ = {
			isa = PBXNativeTarget;
			buildConfigurationList = DCF067281E2F19C20019BCAB /* Build configuration list for PBXNativeTarget "MoonCatchManagerDemo" */;
			buildPhases = (
				DCF0670D1E2F19C20019BCAB /* Sources */,
				DCF0670E1E2F19C20019BCAB /* Frameworks */,
				DCF0670F1E2F19C20019BCAB /* Resources */,
			);
			buildRules = (
			);
			dependencies = (
			);
			name = MoonCatchManagerDemo;
			productName = MoonCatchManagerDemo;
			productReference = DCF067111E2F19C20019BCAB /* MoonCatchManagerDemo.app */;
			productType = "com.apple.product-type.application";
		};
/* End PBXNativeTarget section */

/* Begin PBXProject section */
		DCF067091E2F19C20019BCAB /* Project object */ = {
			isa = PBXProject;
			attributes = {
				LastUpgradeCheck = 0820;
				ORGANIZATIONNAME = jianchengpan;
				TargetAttributes = {
					DCF067101E2F19C20019BCAB = {
						CreatedOnToolsVersion = 8.2.1;
						ProvisioningStyle = Automatic;
					};
				};
			};
			buildConfigurationList = DCF0670C1E2F19C20019BCAB /* Build configuration list for PBXProject "MoonCatchManagerDemo" */;
			compatibilityVersion = "Xcode 3.2";
			developmentRegion = English;
			hasScannedForEncodings = 0;
			knownRegions = (
				en,
				Base,
			);
			mainGroup = DCF067081E2F19C20019BCAB;
			productRefGroup = DCF067121E2F19C20019BCAB /* Products */;
			projectDirPath = "";
			projectRoot = "";
			targets = (
				DCF067101E2F19C20019BCAB /* MoonCatchManagerDemo */,
			);
		};
/* End PBXProject section */

/* Begin PBXResourcesBuildPhase section */
		DCF0670F1E2F19C20019BCAB /* Resources */ = {
			isa = PBXResourcesBuildPhase;
			buildActionMask = 2147483647;
			files = (
				DCF067241E2F19C20019BCAB /* LaunchScreen.storyboard in Resources */,
				DCF067211E2F19C20019BCAB /* Assets.xcassets in Resources */,
				DCF0671F1E2F19C20019BCAB /* Main.storyboard in Resources */,
			);
			runOnlyForDeploymentPostprocessing = 0;
		};
/* End PBXResourcesBuildPhase section */

/* Begin PBXSourcesBuildPhase section */
		DCF0670D1E2F19C20019BCAB /* Sources */ = {
			isa = PBXSourcesBuildPhase;
			buildActionMask = 2147483647;
			files = (
				DCF0671C1E2F19C20019BCAB /* ViewController.m in Sources */,
				DCF067191E2F19C20019BCAB /* AppDelegate.m in Sources */,
				DCF067161E2F19C20019BCAB /* main.m in Sources */,
			);
			runOnlyForDeploymentPostprocessing = 0;
		};
/* End PBXSourcesBuildPhase section */

/* Begin PBXVariantGroup section */
		DCF0671D1E2F19C20019BCAB /* Main.storyboard */ = {
			isa = PBXVariantGroup;
			children = (
				DCF0671E1E2F19C20019BCAB /* Base */,
			);
			name = Main.storyboard;
			sourceTree = "<group>";
		};
		DCF067221E2F19C20019BCAB /* LaunchScreen.storyboard */ = {
			isa = PBXVariantGroup;
			children = (
				DCF067231E2F19C20019BCAB /* Base */,
			);
			name = LaunchScreen.storyboard;
			sourceTree = "<group>";
		};
/* End PBXVariantGroup section */

/* Begin XCBuildConfiguration section */
		DCF067261E2F19C20019BCAB /* Debug */ = {
			isa = XCBuildConfiguration;
			buildSettings = {
				ALWAYS_SEARCH_USER_PATHS = NO;
				CLANG_ANALYZER_NONNULL = YES;
				CLANG_CXX_LANGUAGE_STANDARD = "gnu++0x";
				CLANG_CXX_LIBRARY = "libc++";
				CLANG_ENABLE_MODULES = YES;
				CLANG_ENABLE_OBJC_ARC = YES;
				CLANG_WARN_BOOL_CONVERSION = YES;
				CLANG_WARN_CONSTANT_CONVERSION = YES;
				CLANG_WARN_DIRECT_OBJC_ISA_USAGE = YES_ERROR;
				CLANG_WARN_DOCUMENTATION_COMMENTS = YES;
				CLANG_WARN_EMPTY_BODY = YES;
				CLANG_WARN_ENUM_CONVERSION = YES;
				CLANG_WARN_INFINITE_RECURSION = YES;
				CLANG_WARN_INT_CONVERSION = YES;
				CLANG_WARN_OBJC_ROOT_CLASS = YES_ERROR;
				CLANG_WARN_SUSPICIOUS_MOVE = YES;
				CLANG_WARN_UNREACHABLE_CODE = YES;
				CLANG_WARN__DUPLICATE_METHOD_MATCH = YES;
				"CODE_SIGN_IDENTITY[sdk=iphoneos*]" = "iPhone Developer";
				COPY_PHASE_STRIP = NO;
				DEBUG_INFORMATION_FORMAT = dwarf;
				ENABLE_STRICT_OBJC_MSGSEND = YES;
				ENABLE_TESTABILITY = YES;
				GCC_C_LANGUAGE_STANDARD = gnu99;
				GCC_DYNAMIC_NO_PIC = NO;
				GCC_NO_COMMON_BLOCKS = YES;
				GCC_OPTIMIZATION_LEVEL = 0;
				GCC_PREPROCESSOR_DEFINITIONS = (
					"DEBUG=1",
					"$(inherited)",
				);
				GCC_WARN_64_TO_32_BIT_CONVERSION = YES;
				GCC_WARN_ABOUT_RETURN_TYPE = YES_ERROR;
				GCC_WARN_UNDECLARED_SELECTOR = YES;
				GCC_WARN_UNINITIALIZED_AUTOS = YES_AGGRESSIVE;
				GCC_WARN_UNUSED_FUNCTION = YES;
				GCC_WARN_UNUSED_VARIABLE = YES;
				IPHONEOS_DEPLOYMENT_TARGET = 10.2;
				MTL_ENABLE_DEBUG_INFO = YES;
				ONLY_ACTIVE_ARCH = YES;
				SDKROOT = iphoneos;
				TARGETED_DEVICE_FAMILY = "1,2";
			};
			name = Debug;
		};
		DCF067271E2F19C20019BCAB /* Release */ = {
			isa = XCBuildConfiguration;
			buildSettings = {
				ALWAYS_SEARCH_USER_PATHS = NO;
				CLANG_ANALYZER_NONNULL = YES;
				CLANG_CXX_LANGUAGE_STANDARD = "gnu++0x";
				CLANG_CXX_LIBRARY = "libc++";
				CLANG_ENABLE_MODULES = YES;
				CLANG_ENABLE_OBJC_ARC = YES;
				CLANG_WARN_BOOL_CONVERSION = YES;
				CLANG_WARN_CONSTANT_CONVERSION = YES;
				CLANG_WARN_DIRECT_OBJC_ISA_USAGE = YES_ERROR;
				CLANG_WARN_DOCUMENTATION_COMMENTS = YES;
				CLANG_WARN_EMPTY_BODY = YES;
				CLANG_WARN_ENUM_CONVERSION = YES;
				CLANG_WARN_INFINITE_RECURSION = YES;
				CLANG_WARN_INT_CONVERSION = YES;
				CLANG_WARN_OBJC_ROOT_CLASS = YES_ERROR;
				CLANG_WARN_SUSPICIOUS_MOVE = YES;
				CLANG_WARN_UNREACHABLE_CODE = YES;
				CLANG_WARN__DUPLICATE_METHOD_MATCH = YES;
				"CODE_SIGN_IDENTITY[sdk=iphoneos*]" = "iPhone Developer";
				COPY_PHASE_STRIP = NO;
				DEBUG_INFORMATION_FORMAT = "dwarf-with-dsym";
				ENABLE_NS_ASSERTIONS = NO;
				ENABLE_STRICT_OBJC_MSGSEND = YES;
				GCC_C_LANGUAGE_STANDARD = gnu99;
				GCC_NO_COMMON_BLOCKS = YES;
				GCC_WARN_64_TO_32_BIT_CONVERSION = YES;
				GCC_WARN_ABOUT_RETURN_TYPE = YES_ERROR;
				GCC_WARN_UNDECLARED_SELECTOR = YES;
				GCC_WARN_UNINITIALIZED_AUTOS = YES_AGGRESSIVE;
				GCC_WARN_UNUSED_FUNCTION = YES;
				GCC_WARN_UNUSED_VARIABLE = YES;
				IPHONEOS_DEPLOYMENT_TARGET = 10.2;
				MTL_ENABLE_DEBUG_INFO = NO;
				SDKROOT = iphoneos;
				TARGETED_DEVICE_FAMILY = "1,2";
				VALIDATE_PRODUCT = YES;
			};
			name = Release;
		};
		DCF067291E2F19C20019BCAB /* Debug */ = {
			isa = XCBuildConfiguration;
			buildSettings = {
				ASSETCATALOG_COMPILER_APPICON_NAME = AppIcon;
				INFOPLIST_FILE = MoonCatchManagerDemo/Info.plist;
				LD_RUNPATH_SEARCH_PATHS = "$(inherited) @executable_path/Frameworks";
				PRODUCT_BUNDLE_IDENTIFIER = jianchengpan.cn.MoonCatchManagerDemo;
				PRODUCT_NAME = "$(TARGET_NAME)";
			};
			name = Debug;
		};
		DCF0672A1E2F19C20019BCAB /* Release */ = {
			isa = XCBuildConfiguration;
			buildSettings = {
				ASSETCATALOG_COMPILER_APPICON_NAME = AppIcon;
				INFOPLIST_FILE = MoonCatchManagerDemo/Info.plist;
				LD_RUNPATH_SEARCH_PATHS = "$(inherited) @executable_path/Frameworks";
				PRODUCT_BUNDLE_IDENTIFIER = jianchengpan.cn.MoonCatchManagerDemo;
				PRODUCT_NAME = "$(TARGET_NAME)";
			};
			name = Release;
		};
/* End XCBuildConfiguration section */

/* Begin XCConfigurationList section */
		DCF0670C1E2F19C20019BCAB /* Build configuration list for PBXProject "MoonCatchManagerDemo" */ = {
			isa = XCConfigurationList;
			buildConfigurations = (
				DCF067261E2F19C20019BCAB /* Debug */,
				DCF067271E2F19C20019BCAB /* Release */,
			);
			defaultConfigurationIsVisible = 0;
			defaultConfigurationName = Release;
		};
		DCF067281E2F19C20019BCAB /* Build configuration list for PBXNativeTarget "MoonCatchManagerDemo" */ = {
			isa = XCConfigurationList;
			buildConfigurations = (
				DCF067291E2F19C20019BCAB /* Debug */,
				DCF0672A1E2F19C20019BCAB /* Release */,
			);
			defaultConfigurationIsVisible = 0;
		};
/* End XCConfigurationList section */
	};
	rootObject = DCF067091E2F19C20019BCAB /* Project object */;
}
